// !$*UTF8*$!
{
	archiveVersion = 1;
	classes = {
	};
	objectVersion = 56;
	objects = {

/* Begin PBXBuildFile section */
		7D7C0F602B06EAD400E2917A /* MyMomiiAdminApp.swift in Sources */ = {isa = PBXBuildFile; fileRef = 7D7C0F5F2B06EAD400E2917A /* MyMomiiAdminApp.swift */; };
		7D7C0F622B06EAD400E2917A /* ContentView.swift in Sources */ = {isa = PBXBuildFile; fileRef = 7D7C0F612B06EAD400E2917A /* ContentView.swift */; };
		7D7C0F642B06EAD500E2917A /* Assets.xcassets in Resources */ = {isa = PBXBuildFile; fileRef = 7D7C0F632B06EAD500E2917A /* Assets.xcassets */; };
		7D7C0F672B06EAD500E2917A /* Preview Assets.xcassets in Resources */ = {isa = PBXBuildFile; fileRef = 7D7C0F662B06EAD500E2917A /* Preview Assets.xcassets */; };
		7D7C0F7D2B06EF3A00E2917A /* FirebaseAnalytics in Frameworks */ = {isa = PBXBuildFile; productRef = 7D7C0F7C2B06EF3A00E2917A /* FirebaseAnalytics */; };
		7D7C0F7F2B06EF3A00E2917A /* FirebaseAnalyticsOnDeviceConversion in Frameworks */ = {isa = PBXBuildFile; productRef = 7D7C0F7E2B06EF3A00E2917A /* FirebaseAnalyticsOnDeviceConversion */; };
		7D7C0F812B06EF3A00E2917A /* FirebaseAnalyticsSwift in Frameworks */ = {isa = PBXBuildFile; productRef = 7D7C0F802B06EF3A00E2917A /* FirebaseAnalyticsSwift */; };
		7D7C0F832B06EF3A00E2917A /* FirebaseAnalyticsWithoutAdIdSupport in Frameworks */ = {isa = PBXBuildFile; productRef = 7D7C0F822B06EF3A00E2917A /* FirebaseAnalyticsWithoutAdIdSupport */; };
		7D7C0F852B06EF3A00E2917A /* FirebaseAppCheck in Frameworks */ = {isa = PBXBuildFile; productRef = 7D7C0F842B06EF3A00E2917A /* FirebaseAppCheck */; };
		7D7C0F882B06EF4900E2917A /* FSCalendar in Frameworks */ = {isa = PBXBuildFile; productRef = 7D7C0F872B06EF4900E2917A /* FSCalendar */; };
		7D7C0F8A2B06F15C00E2917A /* FirebaseAnalytics in Frameworks */ = {isa = PBXBuildFile; productRef = 7D7C0F892B06F15C00E2917A /* FirebaseAnalytics */; };
		7D7C0F8C2B06F15D00E2917A /* FirebaseAnalyticsOnDeviceConversion in Frameworks */ = {isa = PBXBuildFile; productRef = 7D7C0F8B2B06F15D00E2917A /* FirebaseAnalyticsOnDeviceConversion */; };
		7D7C0F8E2B06F15D00E2917A /* FirebaseAnalyticsSwift in Frameworks */ = {isa = PBXBuildFile; productRef = 7D7C0F8D2B06F15D00E2917A /* FirebaseAnalyticsSwift */; };
		7D7C0F902B06F15D00E2917A /* FirebaseAnalyticsWithoutAdIdSupport in Frameworks */ = {isa = PBXBuildFile; productRef = 7D7C0F8F2B06F15D00E2917A /* FirebaseAnalyticsWithoutAdIdSupport */; };
		7D7C0F922B06F15D00E2917A /* FirebaseAppCheck in Frameworks */ = {isa = PBXBuildFile; productRef = 7D7C0F912B06F15D00E2917A /* FirebaseAppCheck */; };
		7D7C0F942B06F15D00E2917A /* FirebaseAppDistribution-Beta in Frameworks */ = {isa = PBXBuildFile; productRef = 7D7C0F932B06F15D00E2917A /* FirebaseAppDistribution-Beta */; };
		7D7C0F962B06F15D00E2917A /* FirebaseAuth in Frameworks */ = {isa = PBXBuildFile; productRef = 7D7C0F952B06F15D00E2917A /* FirebaseAuth */; };
		7D7C0F982B06F15D00E2917A /* FirebaseAuthCombine-Community in Frameworks */ = {isa = PBXBuildFile; productRef = 7D7C0F972B06F15D00E2917A /* FirebaseAuthCombine-Community */; };
		7D7C0F9A2B06F15D00E2917A /* FirebaseCrashlytics in Frameworks */ = {isa = PBXBuildFile; productRef = 7D7C0F992B06F15D00E2917A /* FirebaseCrashlytics */; };
		7D7C0F9C2B06F15D00E2917A /* FirebaseDatabase in Frameworks */ = {isa = PBXBuildFile; productRef = 7D7C0F9B2B06F15D00E2917A /* FirebaseDatabase */; };
		7D7C0F9E2B06F15D00E2917A /* FirebaseDatabaseSwift in Frameworks */ = {isa = PBXBuildFile; productRef = 7D7C0F9D2B06F15D00E2917A /* FirebaseDatabaseSwift */; };
		7D7C0FA02B06F15D00E2917A /* FirebaseDynamicLinks in Frameworks */ = {isa = PBXBuildFile; productRef = 7D7C0F9F2B06F15D00E2917A /* FirebaseDynamicLinks */; };
		7D7C0FA22B06F15D00E2917A /* FirebaseFirestore in Frameworks */ = {isa = PBXBuildFile; productRef = 7D7C0FA12B06F15D00E2917A /* FirebaseFirestore */; };
		7D7C0FA42B06F15D00E2917A /* FirebaseFirestoreCombine-Community in Frameworks */ = {isa = PBXBuildFile; productRef = 7D7C0FA32B06F15D00E2917A /* FirebaseFirestoreCombine-Community */; };
		7D7C0FA62B06F15D00E2917A /* FirebaseFirestoreSwift in Frameworks */ = {isa = PBXBuildFile; productRef = 7D7C0FA52B06F15D00E2917A /* FirebaseFirestoreSwift */; };
		7D7C0FA82B06F15D00E2917A /* FirebaseFunctions in Frameworks */ = {isa = PBXBuildFile; productRef = 7D7C0FA72B06F15D00E2917A /* FirebaseFunctions */; };
		7D7C0FAA2B06F15D00E2917A /* FirebaseFunctionsCombine-Community in Frameworks */ = {isa = PBXBuildFile; productRef = 7D7C0FA92B06F15D00E2917A /* FirebaseFunctionsCombine-Community */; };
		7D7C0FAC2B06F15D00E2917A /* FirebaseInAppMessaging-Beta in Frameworks */ = {isa = PBXBuildFile; productRef = 7D7C0FAB2B06F15D00E2917A /* FirebaseInAppMessaging-Beta */; };
		7D7C0FAE2B06F15D00E2917A /* FirebaseInAppMessagingSwift-Beta in Frameworks */ = {isa = PBXBuildFile; productRef = 7D7C0FAD2B06F15D00E2917A /* FirebaseInAppMessagingSwift-Beta */; };
		7D7C0FB02B06F15D00E2917A /* FirebaseInstallations in Frameworks */ = {isa = PBXBuildFile; productRef = 7D7C0FAF2B06F15D00E2917A /* FirebaseInstallations */; };
		7D7C0FB22B06F15D00E2917A /* FirebaseMLModelDownloader in Frameworks */ = {isa = PBXBuildFile; productRef = 7D7C0FB12B06F15D00E2917A /* FirebaseMLModelDownloader */; };
		7D7C0FB42B06F15D00E2917A /* FirebaseMessaging in Frameworks */ = {isa = PBXBuildFile; productRef = 7D7C0FB32B06F15D00E2917A /* FirebaseMessaging */; };
		7D7C0FB62B06F15D00E2917A /* FirebasePerformance in Frameworks */ = {isa = PBXBuildFile; productRef = 7D7C0FB52B06F15D00E2917A /* FirebasePerformance */; };
		7D7C0FB82B06F15D00E2917A /* FirebaseRemoteConfig in Frameworks */ = {isa = PBXBuildFile; productRef = 7D7C0FB72B06F15D00E2917A /* FirebaseRemoteConfig */; };
		7D7C0FBA2B06F15D00E2917A /* FirebaseRemoteConfigSwift in Frameworks */ = {isa = PBXBuildFile; productRef = 7D7C0FB92B06F15D00E2917A /* FirebaseRemoteConfigSwift */; };
		7D7C0FBC2B06F15D00E2917A /* FirebaseStorage in Frameworks */ = {isa = PBXBuildFile; productRef = 7D7C0FBB2B06F15D00E2917A /* FirebaseStorage */; };
		7D7C0FBE2B06F15D00E2917A /* FirebaseStorageCombine-Community in Frameworks */ = {isa = PBXBuildFile; productRef = 7D7C0FBD2B06F15D00E2917A /* FirebaseStorageCombine-Community */; };
		7D7C0FC22B06F75F00E2917A /* GoogleService-Info.plist in Resources */ = {isa = PBXBuildFile; fileRef = 7D7C0FC12B06F75F00E2917A /* GoogleService-Info.plist */; };
		7D7C0FC52B06F87D00E2917A /* .swiftlint.yml in Resources */ = {isa = PBXBuildFile; fileRef = 7D7C0FC42B06F87D00E2917A /* .swiftlint.yml */; };
		7D7C0FCB2B06FE2A00E2917A /* TextModifier.swift in Sources */ = {isa = PBXBuildFile; fileRef = 7D7C0FC82B06FE2A00E2917A /* TextModifier.swift */; };
		7D7C0FCC2B06FE2A00E2917A /* GestureModifier.swift in Sources */ = {isa = PBXBuildFile; fileRef = 7D7C0FC92B06FE2A00E2917A /* GestureModifier.swift */; };
		7D7C0FCD2B06FE2A00E2917A /* DeviceSize.swift in Sources */ = {isa = PBXBuildFile; fileRef = 7D7C0FCA2B06FE2A00E2917A /* DeviceSize.swift */; };
/* End PBXBuildFile section */

/* Begin PBXFileReference section */
		7D7C0F5C2B06EAD400E2917A /* MyMomii-admin.app */ = {isa = PBXFileReference; explicitFileType = wrapper.application; includeInIndex = 0; path = "MyMomii-admin.app"; sourceTree = BUILT_PRODUCTS_DIR; };
		7D7C0F5F2B06EAD400E2917A /* MyMomiiAdminApp.swift */ = {isa = PBXFileReference; lastKnownFileType = sourcecode.swift; path = MyMomiiAdminApp.swift; sourceTree = "<group>"; };
		7D7C0F612B06EAD400E2917A /* ContentView.swift */ = {isa = PBXFileReference; lastKnownFileType = sourcecode.swift; path = ContentView.swift; sourceTree = "<group>"; };
		7D7C0F632B06EAD500E2917A /* Assets.xcassets */ = {isa = PBXFileReference; lastKnownFileType = folder.assetcatalog; path = Assets.xcassets; sourceTree = "<group>"; };
		7D7C0F662B06EAD500E2917A /* Preview Assets.xcassets */ = {isa = PBXFileReference; lastKnownFileType = folder.assetcatalog; path = "Preview Assets.xcassets"; sourceTree = "<group>"; };
		7D7C0FC12B06F75F00E2917A /* GoogleService-Info.plist */ = {isa = PBXFileReference; fileEncoding = 4; lastKnownFileType = text.plist.xml; path = "GoogleService-Info.plist"; sourceTree = "<group>"; };
		7D7C0FC42B06F87D00E2917A /* .swiftlint.yml */ = {isa = PBXFileReference; fileEncoding = 4; lastKnownFileType = text.yaml; path = .swiftlint.yml; sourceTree = "<group>"; };
		7D7C0FC82B06FE2A00E2917A /* TextModifier.swift */ = {isa = PBXFileReference; fileEncoding = 4; lastKnownFileType = sourcecode.swift; path = TextModifier.swift; sourceTree = "<group>"; };
		7D7C0FC92B06FE2A00E2917A /* GestureModifier.swift */ = {isa = PBXFileReference; fileEncoding = 4; lastKnownFileType = sourcecode.swift; path = GestureModifier.swift; sourceTree = "<group>"; };
		7D7C0FCA2B06FE2A00E2917A /* DeviceSize.swift */ = {isa = PBXFileReference; fileEncoding = 4; lastKnownFileType = sourcecode.swift; path = DeviceSize.swift; sourceTree = "<group>"; };
/* End PBXFileReference section */

/* Begin PBXFrameworksBuildPhase section */
		7D7C0F592B06EAD400E2917A /* Frameworks */ = {
			isa = PBXFrameworksBuildPhase;
			buildActionMask = 2147483647;
			files = (
				7D7C0F8E2B06F15D00E2917A /* FirebaseAnalyticsSwift in Frameworks */,
				7D7C0F902B06F15D00E2917A /* FirebaseAnalyticsWithoutAdIdSupport in Frameworks */,
				7D7C0F8A2B06F15C00E2917A /* FirebaseAnalytics in Frameworks */,
				7D7C0F812B06EF3A00E2917A /* FirebaseAnalyticsSwift in Frameworks */,
				7D7C0FB62B06F15D00E2917A /* FirebasePerformance in Frameworks */,
				7D7C0FBC2B06F15D00E2917A /* FirebaseStorage in Frameworks */,
				7D7C0FA22B06F15D00E2917A /* FirebaseFirestore in Frameworks */,
				7D7C0F882B06EF4900E2917A /* FSCalendar in Frameworks */,
				7D7C0FAA2B06F15D00E2917A /* FirebaseFunctionsCombine-Community in Frameworks */,
				7D7C0FBA2B06F15D00E2917A /* FirebaseRemoteConfigSwift in Frameworks */,
				7D7C0FA02B06F15D00E2917A /* FirebaseDynamicLinks in Frameworks */,
				7D7C0FB82B06F15D00E2917A /* FirebaseRemoteConfig in Frameworks */,
				7D7C0F982B06F15D00E2917A /* FirebaseAuthCombine-Community in Frameworks */,
				7D7C0F9C2B06F15D00E2917A /* FirebaseDatabase in Frameworks */,
				7D7C0FA82B06F15D00E2917A /* FirebaseFunctions in Frameworks */,
				7D7C0FAC2B06F15D00E2917A /* FirebaseInAppMessaging-Beta in Frameworks */,
				7D7C0F7D2B06EF3A00E2917A /* FirebaseAnalytics in Frameworks */,
				7D7C0F7F2B06EF3A00E2917A /* FirebaseAnalyticsOnDeviceConversion in Frameworks */,
				7D7C0F852B06EF3A00E2917A /* FirebaseAppCheck in Frameworks */,
				7D7C0FB02B06F15D00E2917A /* FirebaseInstallations in Frameworks */,
				7D7C0FB42B06F15D00E2917A /* FirebaseMessaging in Frameworks */,
				7D7C0F832B06EF3A00E2917A /* FirebaseAnalyticsWithoutAdIdSupport in Frameworks */,
				7D7C0FBE2B06F15D00E2917A /* FirebaseStorageCombine-Community in Frameworks */,
				7D7C0FA42B06F15D00E2917A /* FirebaseFirestoreCombine-Community in Frameworks */,
				7D7C0FAE2B06F15D00E2917A /* FirebaseInAppMessagingSwift-Beta in Frameworks */,
				7D7C0F8C2B06F15D00E2917A /* FirebaseAnalyticsOnDeviceConversion in Frameworks */,
				7D7C0F962B06F15D00E2917A /* FirebaseAuth in Frameworks */,
				7D7C0F9A2B06F15D00E2917A /* FirebaseCrashlytics in Frameworks */,
				7D7C0FA62B06F15D00E2917A /* FirebaseFirestoreSwift in Frameworks */,
				7D7C0F9E2B06F15D00E2917A /* FirebaseDatabaseSwift in Frameworks */,
				7D7C0FB22B06F15D00E2917A /* FirebaseMLModelDownloader in Frameworks */,
				7D7C0F922B06F15D00E2917A /* FirebaseAppCheck in Frameworks */,
				7D7C0F942B06F15D00E2917A /* FirebaseAppDistribution-Beta in Frameworks */,
			);
			runOnlyForDeploymentPostprocessing = 0;
		};
/* End PBXFrameworksBuildPhase section */

/* Begin PBXGroup section */
		7D7C0F532B06EAD400E2917A = {
			isa = PBXGroup;
			children = (
				7D7C0FC42B06F87D00E2917A /* .swiftlint.yml */,
				7D7C0F5E2B06EAD400E2917A /* MyMomii-admin */,
				7D7C0F5D2B06EAD400E2917A /* Products */,
			);
			sourceTree = "<group>";
		};
		7D7C0F5D2B06EAD400E2917A /* Products */ = {
			isa = PBXGroup;
			children = (
				7D7C0F5C2B06EAD400E2917A /* MyMomii-admin.app */,
			);
			name = Products;
			sourceTree = "<group>";
		};
		7D7C0F5E2B06EAD400E2917A /* MyMomii-admin */ = {
			isa = PBXGroup;
			children = (
				7D7C0FC72B06FE0A00E2917A /* Util */,
				7D7C0FC62B06FBD300E2917A /* Resources */,
				7D7C0FC12B06F75F00E2917A /* GoogleService-Info.plist */,
				7D7C0F5F2B06EAD400E2917A /* MyMomiiAdminApp.swift */,
				7D7C0F612B06EAD400E2917A /* ContentView.swift */,
				7D7C0F652B06EAD500E2917A /* Preview Content */,
			);
			path = "MyMomii-admin";
			sourceTree = "<group>";
		};
		7D7C0F652B06EAD500E2917A /* Preview Content */ = {
			isa = PBXGroup;
			children = (
				7D7C0F662B06EAD500E2917A /* Preview Assets.xcassets */,
			);
			path = "Preview Content";
			sourceTree = "<group>";
		};
		7D7C0FC62B06FBD300E2917A /* Resources */ = {
			isa = PBXGroup;
			children = (
				7D7C0F632B06EAD500E2917A /* Assets.xcassets */,
			);
			path = Resources;
			sourceTree = "<group>";
		};
		7D7C0FC72B06FE0A00E2917A /* Util */ = {
			isa = PBXGroup;
			children = (
				7D7C0FCA2B06FE2A00E2917A /* DeviceSize.swift */,
				7D7C0FC92B06FE2A00E2917A /* GestureModifier.swift */,
				7D7C0FC82B06FE2A00E2917A /* TextModifier.swift */,
			);
			path = Util;
			sourceTree = "<group>";
		};
/* End PBXGroup section */

/* Begin PBXNativeTarget section */
		7D7C0F5B2B06EAD400E2917A /* MyMomii-admin */ = {
			isa = PBXNativeTarget;
			buildConfigurationList = 7D7C0F6A2B06EAD500E2917A /* Build configuration list for PBXNativeTarget "MyMomii-admin" */;
			buildPhases = (
				7D7C0F582B06EAD400E2917A /* Sources */,
				7D7C0F592B06EAD400E2917A /* Frameworks */,
				7D7C0F5A2B06EAD400E2917A /* Resources */,
				7D7C0FC32B06F81C00E2917A /* Swift Script */,
			);
			buildRules = (
			);
			dependencies = (
			);
			name = "MyMomii-admin";
			packageProductDependencies = (
				7D7C0F7C2B06EF3A00E2917A /* FirebaseAnalytics */,
				7D7C0F7E2B06EF3A00E2917A /* FirebaseAnalyticsOnDeviceConversion */,
				7D7C0F802B06EF3A00E2917A /* FirebaseAnalyticsSwift */,
				7D7C0F822B06EF3A00E2917A /* FirebaseAnalyticsWithoutAdIdSupport */,
				7D7C0F842B06EF3A00E2917A /* FirebaseAppCheck */,
				7D7C0F872B06EF4900E2917A /* FSCalendar */,
				7D7C0F892B06F15C00E2917A /* FirebaseAnalytics */,
				7D7C0F8B2B06F15D00E2917A /* FirebaseAnalyticsOnDeviceConversion */,
				7D7C0F8D2B06F15D00E2917A /* FirebaseAnalyticsSwift */,
				7D7C0F8F2B06F15D00E2917A /* FirebaseAnalyticsWithoutAdIdSupport */,
				7D7C0F912B06F15D00E2917A /* FirebaseAppCheck */,
				7D7C0F932B06F15D00E2917A /* FirebaseAppDistribution-Beta */,
				7D7C0F952B06F15D00E2917A /* FirebaseAuth */,
				7D7C0F972B06F15D00E2917A /* FirebaseAuthCombine-Community */,
				7D7C0F992B06F15D00E2917A /* FirebaseCrashlytics */,
				7D7C0F9B2B06F15D00E2917A /* FirebaseDatabase */,
				7D7C0F9D2B06F15D00E2917A /* FirebaseDatabaseSwift */,
				7D7C0F9F2B06F15D00E2917A /* FirebaseDynamicLinks */,
				7D7C0FA12B06F15D00E2917A /* FirebaseFirestore */,
				7D7C0FA32B06F15D00E2917A /* FirebaseFirestoreCombine-Community */,
				7D7C0FA52B06F15D00E2917A /* FirebaseFirestoreSwift */,
				7D7C0FA72B06F15D00E2917A /* FirebaseFunctions */,
				7D7C0FA92B06F15D00E2917A /* FirebaseFunctionsCombine-Community */,
				7D7C0FAB2B06F15D00E2917A /* FirebaseInAppMessaging-Beta */,
				7D7C0FAD2B06F15D00E2917A /* FirebaseInAppMessagingSwift-Beta */,
				7D7C0FAF2B06F15D00E2917A /* FirebaseInstallations */,
				7D7C0FB12B06F15D00E2917A /* FirebaseMLModelDownloader */,
				7D7C0FB32B06F15D00E2917A /* FirebaseMessaging */,
				7D7C0FB52B06F15D00E2917A /* FirebasePerformance */,
				7D7C0FB72B06F15D00E2917A /* FirebaseRemoteConfig */,
				7D7C0FB92B06F15D00E2917A /* FirebaseRemoteConfigSwift */,
				7D7C0FBB2B06F15D00E2917A /* FirebaseStorage */,
				7D7C0FBD2B06F15D00E2917A /* FirebaseStorageCombine-Community */,
			);
			productName = "MyMomii-admin";
			productReference = 7D7C0F5C2B06EAD400E2917A /* MyMomii-admin.app */;
			productType = "com.apple.product-type.application";
		};
/* End PBXNativeTarget section */

/* Begin PBXProject section */
		7D7C0F542B06EAD400E2917A /* Project object */ = {
			isa = PBXProject;
			attributes = {
				BuildIndependentTargetsInParallel = 1;
				LastSwiftUpdateCheck = 1500;
				LastUpgradeCheck = 1500;
				TargetAttributes = {
					7D7C0F5B2B06EAD400E2917A = {
						CreatedOnToolsVersion = 15.0.1;
					};
				};
			};
			buildConfigurationList = 7D7C0F572B06EAD400E2917A /* Build configuration list for PBXProject "MyMomii-admin" */;
			compatibilityVersion = "Xcode 14.0";
			developmentRegion = ko;
			hasScannedForEncodings = 0;
			knownRegions = (
				en,
				Base,
				ko,
			);
			mainGroup = 7D7C0F532B06EAD400E2917A;
			packageReferences = (
				7D7C0F7B2B06EF3A00E2917A /* XCRemoteSwiftPackageReference "firebase-ios-sdk" */,
				7D7C0F862B06EF4900E2917A /* XCRemoteSwiftPackageReference "FSCalendar" */,
			);
			productRefGroup = 7D7C0F5D2B06EAD400E2917A /* Products */;
			projectDirPath = "";
			projectRoot = "";
			targets = (
				7D7C0F5B2B06EAD400E2917A /* MyMomii-admin */,
			);
		};
/* End PBXProject section */

/* Begin PBXResourcesBuildPhase section */
		7D7C0F5A2B06EAD400E2917A /* Resources */ = {
			isa = PBXResourcesBuildPhase;
			buildActionMask = 2147483647;
			files = (
				7D7C0FC52B06F87D00E2917A /* .swiftlint.yml in Resources */,
				7D7C0F672B06EAD500E2917A /* Preview Assets.xcassets in Resources */,
				7D7C0FC22B06F75F00E2917A /* GoogleService-Info.plist in Resources */,
				7D7C0F642B06EAD500E2917A /* Assets.xcassets in Resources */,
			);
			runOnlyForDeploymentPostprocessing = 0;
		};
/* End PBXResourcesBuildPhase section */

/* Begin PBXShellScriptBuildPhase section */
		7D7C0FC32B06F81C00E2917A /* Swift Script */ = {
			isa = PBXShellScriptBuildPhase;
			alwaysOutOfDate = 1;
			buildActionMask = 2147483647;
			files = (
			);
			inputFileListPaths = (
			);
			inputPaths = (
			);
			name = "Swift Script";
			outputFileListPaths = (
			);
			outputPaths = (
			);
			runOnlyForDeploymentPostprocessing = 0;
			shellPath = /bin/sh;
			shellScript = "if test -d \"/opt/homebrew/bin/\"; then\n  PATH=\"/opt/homebrew/bin/:${PATH}\"\nfi\n\nexport PATH\n\nif which swiftlint >/dev/null; then\n  swiftlint\nelse\n  echo \"warning: SwiftLint not installed, download from https://github.com/realm/SwiftLint\"\nfi\n\n";
		};
/* End PBXShellScriptBuildPhase section */

/* Begin PBXSourcesBuildPhase section */
		7D7C0F582B06EAD400E2917A /* Sources */ = {
			isa = PBXSourcesBuildPhase;
			buildActionMask = 2147483647;
			files = (
				7D7C0F622B06EAD400E2917A /* ContentView.swift in Sources */,
				7D7C0F602B06EAD400E2917A /* MyMomiiAdminApp.swift in Sources */,
				7D7C0FCC2B06FE2A00E2917A /* GestureModifier.swift in Sources */,
				7D7C0FCD2B06FE2A00E2917A /* DeviceSize.swift in Sources */,
				7D7C0FCB2B06FE2A00E2917A /* TextModifier.swift in Sources */,
			);
			runOnlyForDeploymentPostprocessing = 0;
		};
/* End PBXSourcesBuildPhase section */

/* Begin XCBuildConfiguration section */
		7D7C0F682B06EAD500E2917A /* Debug */ = {
			isa = XCBuildConfiguration;
			buildSettings = {
				ALWAYS_SEARCH_USER_PATHS = NO;
				ASSETCATALOG_COMPILER_GENERATE_SWIFT_ASSET_SYMBOL_EXTENSIONS = YES;
				CLANG_ANALYZER_NONNULL = YES;
				CLANG_ANALYZER_NUMBER_OBJECT_CONVERSION = YES_AGGRESSIVE;
				CLANG_CXX_LANGUAGE_STANDARD = "gnu++20";
				CLANG_ENABLE_MODULES = YES;
				CLANG_ENABLE_OBJC_ARC = YES;
				CLANG_ENABLE_OBJC_WEAK = YES;
				CLANG_WARN_BLOCK_CAPTURE_AUTORELEASING = YES;
				CLANG_WARN_BOOL_CONVERSION = YES;
				CLANG_WARN_COMMA = YES;
				CLANG_WARN_CONSTANT_CONVERSION = YES;
				CLANG_WARN_DEPRECATED_OBJC_IMPLEMENTATIONS = YES;
				CLANG_WARN_DIRECT_OBJC_ISA_USAGE = YES_ERROR;
				CLANG_WARN_DOCUMENTATION_COMMENTS = YES;
				CLANG_WARN_EMPTY_BODY = YES;
				CLANG_WARN_ENUM_CONVERSION = YES;
				CLANG_WARN_INFINITE_RECURSION = YES;
				CLANG_WARN_INT_CONVERSION = YES;
				CLANG_WARN_NON_LITERAL_NULL_CONVERSION = YES;
				CLANG_WARN_OBJC_IMPLICIT_RETAIN_SELF = YES;
				CLANG_WARN_OBJC_LITERAL_CONVERSION = YES;
				CLANG_WARN_OBJC_ROOT_CLASS = YES_ERROR;
				CLANG_WARN_QUOTED_INCLUDE_IN_FRAMEWORK_HEADER = YES;
				CLANG_WARN_RANGE_LOOP_ANALYSIS = YES;
				CLANG_WARN_STRICT_PROTOTYPES = YES;
				CLANG_WARN_SUSPICIOUS_MOVE = YES;
				CLANG_WARN_UNGUARDED_AVAILABILITY = YES_AGGRESSIVE;
				CLANG_WARN_UNREACHABLE_CODE = YES;
				CLANG_WARN__DUPLICATE_METHOD_MATCH = YES;
				COPY_PHASE_STRIP = NO;
				DEBUG_INFORMATION_FORMAT = dwarf;
				ENABLE_STRICT_OBJC_MSGSEND = YES;
				ENABLE_TESTABILITY = YES;
				ENABLE_USER_SCRIPT_SANDBOXING = YES;
				GCC_C_LANGUAGE_STANDARD = gnu17;
				GCC_DYNAMIC_NO_PIC = NO;
				GCC_NO_COMMON_BLOCKS = YES;
				GCC_OPTIMIZATION_LEVEL = 0;
				GCC_PREPROCESSOR_DEFINITIONS = (
					"DEBUG=1",
					"$(inherited)",
				);
				GCC_WARN_64_TO_32_BIT_CONVERSION = YES;
				GCC_WARN_ABOUT_RETURN_TYPE = YES_ERROR;
				GCC_WARN_UNDECLARED_SELECTOR = YES;
				GCC_WARN_UNINITIALIZED_AUTOS = YES_AGGRESSIVE;
				GCC_WARN_UNUSED_FUNCTION = YES;
				GCC_WARN_UNUSED_VARIABLE = YES;
				IPHONEOS_DEPLOYMENT_TARGET = 16.0;
				LOCALIZATION_PREFERS_STRING_CATALOGS = YES;
				MTL_ENABLE_DEBUG_INFO = INCLUDE_SOURCE;
				MTL_FAST_MATH = YES;
				ONLY_ACTIVE_ARCH = YES;
				SDKROOT = iphoneos;
				SWIFT_ACTIVE_COMPILATION_CONDITIONS = "DEBUG $(inherited)";
				SWIFT_OPTIMIZATION_LEVEL = "-Onone";
			};
			name = Debug;
		};
		7D7C0F692B06EAD500E2917A /* Release */ = {
			isa = XCBuildConfiguration;
			buildSettings = {
				ALWAYS_SEARCH_USER_PATHS = NO;
				ASSETCATALOG_COMPILER_GENERATE_SWIFT_ASSET_SYMBOL_EXTENSIONS = YES;
				CLANG_ANALYZER_NONNULL = YES;
				CLANG_ANALYZER_NUMBER_OBJECT_CONVERSION = YES_AGGRESSIVE;
				CLANG_CXX_LANGUAGE_STANDARD = "gnu++20";
				CLANG_ENABLE_MODULES = YES;
				CLANG_ENABLE_OBJC_ARC = YES;
				CLANG_ENABLE_OBJC_WEAK = YES;
				CLANG_WARN_BLOCK_CAPTURE_AUTORELEASING = YES;
				CLANG_WARN_BOOL_CONVERSION = YES;
				CLANG_WARN_COMMA = YES;
				CLANG_WARN_CONSTANT_CONVERSION = YES;
				CLANG_WARN_DEPRECATED_OBJC_IMPLEMENTATIONS = YES;
				CLANG_WARN_DIRECT_OBJC_ISA_USAGE = YES_ERROR;
				CLANG_WARN_DOCUMENTATION_COMMENTS = YES;
				CLANG_WARN_EMPTY_BODY = YES;
				CLANG_WARN_ENUM_CONVERSION = YES;
				CLANG_WARN_INFINITE_RECURSION = YES;
				CLANG_WARN_INT_CONVERSION = YES;
				CLANG_WARN_NON_LITERAL_NULL_CONVERSION = YES;
				CLANG_WARN_OBJC_IMPLICIT_RETAIN_SELF = YES;
				CLANG_WARN_OBJC_LITERAL_CONVERSION = YES;
				CLANG_WARN_OBJC_ROOT_CLASS = YES_ERROR;
				CLANG_WARN_QUOTED_INCLUDE_IN_FRAMEWORK_HEADER = YES;
				CLANG_WARN_RANGE_LOOP_ANALYSIS = YES;
				CLANG_WARN_STRICT_PROTOTYPES = YES;
				CLANG_WARN_SUSPICIOUS_MOVE = YES;
				CLANG_WARN_UNGUARDED_AVAILABILITY = YES_AGGRESSIVE;
				CLANG_WARN_UNREACHABLE_CODE = YES;
				CLANG_WARN__DUPLICATE_METHOD_MATCH = YES;
				COPY_PHASE_STRIP = NO;
				DEBUG_INFORMATION_FORMAT = "dwarf-with-dsym";
				ENABLE_NS_ASSERTIONS = NO;
				ENABLE_STRICT_OBJC_MSGSEND = YES;
				ENABLE_USER_SCRIPT_SANDBOXING = YES;
				GCC_C_LANGUAGE_STANDARD = gnu17;
				GCC_NO_COMMON_BLOCKS = YES;
				GCC_WARN_64_TO_32_BIT_CONVERSION = YES;
				GCC_WARN_ABOUT_RETURN_TYPE = YES_ERROR;
				GCC_WARN_UNDECLARED_SELECTOR = YES;
				GCC_WARN_UNINITIALIZED_AUTOS = YES_AGGRESSIVE;
				GCC_WARN_UNUSED_FUNCTION = YES;
				GCC_WARN_UNUSED_VARIABLE = YES;
				IPHONEOS_DEPLOYMENT_TARGET = 16.0;
				LOCALIZATION_PREFERS_STRING_CATALOGS = YES;
				MTL_ENABLE_DEBUG_INFO = NO;
				MTL_FAST_MATH = YES;
				SDKROOT = iphoneos;
				SWIFT_COMPILATION_MODE = wholemodule;
				VALIDATE_PRODUCT = YES;
			};
			name = Release;
		};
		7D7C0F6B2B06EAD500E2917A /* Debug */ = {
			isa = XCBuildConfiguration;
			buildSettings = {
				ASSETCATALOG_COMPILER_APPICON_NAME = AppIcon;
				ASSETCATALOG_COMPILER_GLOBAL_ACCENT_COLOR_NAME = AccentColor;
				CODE_SIGN_STYLE = Automatic;
				CURRENT_PROJECT_VERSION = 1;
				DEVELOPMENT_ASSET_PATHS = "\"MyMomii-admin/Preview Content\"";
				ENABLE_PREVIEWS = YES;
				ENABLE_USER_SCRIPT_SANDBOXING = NO;
				GENERATE_INFOPLIST_FILE = YES;
				INFOPLIST_KEY_UIApplicationSceneManifest_Generation = YES;
				INFOPLIST_KEY_UIApplicationSupportsIndirectInputEvents = YES;
				INFOPLIST_KEY_UILaunchScreen_Generation = YES;
				INFOPLIST_KEY_UISupportedInterfaceOrientations = UIInterfaceOrientationPortrait;
				INFOPLIST_KEY_UISupportedInterfaceOrientations_iPad = "UIInterfaceOrientationLandscapeLeft UIInterfaceOrientationLandscapeRight UIInterfaceOrientationPortrait UIInterfaceOrientationPortraitUpsideDown";
				LD_RUNPATH_SEARCH_PATHS = (
					"$(inherited)",
					"@executable_path/Frameworks",
				);
				MARKETING_VERSION = 1.0.0;
				PRODUCT_BUNDLE_IDENTIFIER = "com.AhnNyeong.MyMomii-admin";
				PRODUCT_NAME = "$(TARGET_NAME)";
				SUPPORTED_PLATFORMS = "iphoneos iphonesimulator";
				SUPPORTS_MACCATALYST = NO;
				SUPPORTS_MAC_DESIGNED_FOR_IPHONE_IPAD = NO;
				SWIFT_EMIT_LOC_STRINGS = YES;
				SWIFT_VERSION = 5.0;
				TARGETED_DEVICE_FAMILY = 1;
			};
			name = Debug;
		};
		7D7C0F6C2B06EAD500E2917A /* Release */ = {
			isa = XCBuildConfiguration;
			buildSettings = {
				ASSETCATALOG_COMPILER_APPICON_NAME = AppIcon;
				ASSETCATALOG_COMPILER_GLOBAL_ACCENT_COLOR_NAME = AccentColor;
				CODE_SIGN_STYLE = Automatic;
				CURRENT_PROJECT_VERSION = 1;
				DEVELOPMENT_ASSET_PATHS = "\"MyMomii-admin/Preview Content\"";
				ENABLE_PREVIEWS = YES;
				ENABLE_USER_SCRIPT_SANDBOXING = NO;
				GENERATE_INFOPLIST_FILE = YES;
				INFOPLIST_KEY_UIApplicationSceneManifest_Generation = YES;
				INFOPLIST_KEY_UIApplicationSupportsIndirectInputEvents = YES;
				INFOPLIST_KEY_UILaunchScreen_Generation = YES;
				INFOPLIST_KEY_UISupportedInterfaceOrientations = UIInterfaceOrientationPortrait;
				INFOPLIST_KEY_UISupportedInterfaceOrientations_iPad = "UIInterfaceOrientationLandscapeLeft UIInterfaceOrientationLandscapeRight UIInterfaceOrientationPortrait UIInterfaceOrientationPortraitUpsideDown";
				LD_RUNPATH_SEARCH_PATHS = (
					"$(inherited)",
					"@executable_path/Frameworks",
				);
				MARKETING_VERSION = 1.0.0;
				PRODUCT_BUNDLE_IDENTIFIER = "com.AhnNyeong.MyMomii-admin";
				PRODUCT_NAME = "$(TARGET_NAME)";
				SUPPORTED_PLATFORMS = "iphoneos iphonesimulator";
				SUPPORTS_MACCATALYST = NO;
				SUPPORTS_MAC_DESIGNED_FOR_IPHONE_IPAD = NO;
				SWIFT_EMIT_LOC_STRINGS = YES;
				SWIFT_VERSION = 5.0;
				TARGETED_DEVICE_FAMILY = 1;
			};
			name = Release;
		};
/* End XCBuildConfiguration section */

/* Begin XCConfigurationList section */
		7D7C0F572B06EAD400E2917A /* Build configuration list for PBXProject "MyMomii-admin" */ = {
			isa = XCConfigurationList;
			buildConfigurations = (
				7D7C0F682B06EAD500E2917A /* Debug */,
				7D7C0F692B06EAD500E2917A /* Release */,
			);
			defaultConfigurationIsVisible = 0;
			defaultConfigurationName = Release;
		};
		7D7C0F6A2B06EAD500E2917A /* Build configuration list for PBXNativeTarget "MyMomii-admin" */ = {
			isa = XCConfigurationList;
			buildConfigurations = (
				7D7C0F6B2B06EAD500E2917A /* Debug */,
				7D7C0F6C2B06EAD500E2917A /* Release */,
			);
			defaultConfigurationIsVisible = 0;
			defaultConfigurationName = Release;
		};
/* End XCConfigurationList section */

/* Begin XCRemoteSwiftPackageReference section */
		7D7C0F7B2B06EF3A00E2917A /* XCRemoteSwiftPackageReference "firebase-ios-sdk" */ = {
			isa = XCRemoteSwiftPackageReference;
			repositoryURL = "https://github.com/firebase/firebase-ios-sdk";
			requirement = {
				kind = upToNextMajorVersion;
				minimumVersion = 10.18.0;
			};
		};
		7D7C0F862B06EF4900E2917A /* XCRemoteSwiftPackageReference "FSCalendar" */ = {
			isa = XCRemoteSwiftPackageReference;
			repositoryURL = "https://github.com/WenchaoD/FSCalendar.git";
			requirement = {
				kind = upToNextMajorVersion;
				minimumVersion = 2.8.4;
			};
		};
/* End XCRemoteSwiftPackageReference section */

/* Begin XCSwiftPackageProductDependency section */
		7D7C0F7C2B06EF3A00E2917A /* FirebaseAnalytics */ = {
			isa = XCSwiftPackageProductDependency;
			package = 7D7C0F7B2B06EF3A00E2917A /* XCRemoteSwiftPackageReference "firebase-ios-sdk" */;
			productName = FirebaseAnalytics;
		};
		7D7C0F7E2B06EF3A00E2917A /* FirebaseAnalyticsOnDeviceConversion */ = {
			isa = XCSwiftPackageProductDependency;
			package = 7D7C0F7B2B06EF3A00E2917A /* XCRemoteSwiftPackageReference "firebase-ios-sdk" */;
			productName = FirebaseAnalyticsOnDeviceConversion;
		};
		7D7C0F802B06EF3A00E2917A /* FirebaseAnalyticsSwift */ = {
			isa = XCSwiftPackageProductDependency;
			package = 7D7C0F7B2B06EF3A00E2917A /* XCRemoteSwiftPackageReference "firebase-ios-sdk" */;
			productName = FirebaseAnalyticsSwift;
		};
		7D7C0F822B06EF3A00E2917A /* FirebaseAnalyticsWithoutAdIdSupport */ = {
			isa = XCSwiftPackageProductDependency;
			package = 7D7C0F7B2B06EF3A00E2917A /* XCRemoteSwiftPackageReference "firebase-ios-sdk" */;
			productName = FirebaseAnalyticsWithoutAdIdSupport;
		};
		7D7C0F842B06EF3A00E2917A /* FirebaseAppCheck */ = {
			isa = XCSwiftPackageProductDependency;
			package = 7D7C0F7B2B06EF3A00E2917A /* XCRemoteSwiftPackageReference "firebase-ios-sdk" */;
			productName = FirebaseAppCheck;
		};
		7D7C0F872B06EF4900E2917A /* FSCalendar */ = {
			isa = XCSwiftPackageProductDependency;
			package = 7D7C0F862B06EF4900E2917A /* XCRemoteSwiftPackageReference "FSCalendar" */;
			productName = FSCalendar;
		};
		7D7C0F892B06F15C00E2917A /* FirebaseAnalytics */ = {
			isa = XCSwiftPackageProductDependency;
			package = 7D7C0F7B2B06EF3A00E2917A /* XCRemoteSwiftPackageReference "firebase-ios-sdk" */;
			productName = FirebaseAnalytics;
		};
		7D7C0F8B2B06F15D00E2917A /* FirebaseAnalyticsOnDeviceConversion */ = {
			isa = XCSwiftPackageProductDependency;
			package = 7D7C0F7B2B06EF3A00E2917A /* XCRemoteSwiftPackageReference "firebase-ios-sdk" */;
			productName = FirebaseAnalyticsOnDeviceConversion;
		};
		7D7C0F8D2B06F15D00E2917A /* FirebaseAnalyticsSwift */ = {
			isa = XCSwiftPackageProductDependency;
			package = 7D7C0F7B2B06EF3A00E2917A /* XCRemoteSwiftPackageReference "firebase-ios-sdk" */;
			productName = FirebaseAnalyticsSwift;
		};
		7D7C0F8F2B06F15D00E2917A /* FirebaseAnalyticsWithoutAdIdSupport */ = {
			isa = XCSwiftPackageProductDependency;
			package = 7D7C0F7B2B06EF3A00E2917A /* XCRemoteSwiftPackageReference "firebase-ios-sdk" */;
			productName = FirebaseAnalyticsWithoutAdIdSupport;
		};
		7D7C0F912B06F15D00E2917A /* FirebaseAppCheck */ = {
			isa = XCSwiftPackageProductDependency;
			package = 7D7C0F7B2B06EF3A00E2917A /* XCRemoteSwiftPackageReference "firebase-ios-sdk" */;
			productName = FirebaseAppCheck;
		};
		7D7C0F932B06F15D00E2917A /* FirebaseAppDistribution-Beta */ = {
			isa = XCSwiftPackageProductDependency;
			package = 7D7C0F7B2B06EF3A00E2917A /* XCRemoteSwiftPackageReference "firebase-ios-sdk" */;
			productName = "FirebaseAppDistribution-Beta";
		};
		7D7C0F952B06F15D00E2917A /* FirebaseAuth */ = {
			isa = XCSwiftPackageProductDependency;
			package = 7D7C0F7B2B06EF3A00E2917A /* XCRemoteSwiftPackageReference "firebase-ios-sdk" */;
			productName = FirebaseAuth;
		};
		7D7C0F972B06F15D00E2917A /* FirebaseAuthCombine-Community */ = {
			isa = XCSwiftPackageProductDependency;
			package = 7D7C0F7B2B06EF3A00E2917A /* XCRemoteSwiftPackageReference "firebase-ios-sdk" */;
			productName = "FirebaseAuthCombine-Community";
		};
		7D7C0F992B06F15D00E2917A /* FirebaseCrashlytics */ = {
			isa = XCSwiftPackageProductDependency;
			package = 7D7C0F7B2B06EF3A00E2917A /* XCRemoteSwiftPackageReference "firebase-ios-sdk" */;
			productName = FirebaseCrashlytics;
		};
		7D7C0F9B2B06F15D00E2917A /* FirebaseDatabase */ = {
			isa = XCSwiftPackageProductDependency;
			package = 7D7C0F7B2B06EF3A00E2917A /* XCRemoteSwiftPackageReference "firebase-ios-sdk" */;
			productName = FirebaseDatabase;
		};
		7D7C0F9D2B06F15D00E2917A /* FirebaseDatabaseSwift */ = {
			isa = XCSwiftPackageProductDependency;
			package = 7D7C0F7B2B06EF3A00E2917A /* XCRemoteSwiftPackageReference "firebase-ios-sdk" */;
			productName = FirebaseDatabaseSwift;
		};
		7D7C0F9F2B06F15D00E2917A /* FirebaseDynamicLinks */ = {
			isa = XCSwiftPackageProductDependency;
			package = 7D7C0F7B2B06EF3A00E2917A /* XCRemoteSwiftPackageReference "firebase-ios-sdk" */;
			productName = FirebaseDynamicLinks;
		};
		7D7C0FA12B06F15D00E2917A /* FirebaseFirestore */ = {
			isa = XCSwiftPackageProductDependency;
			package = 7D7C0F7B2B06EF3A00E2917A /* XCRemoteSwiftPackageReference "firebase-ios-sdk" */;
			productName = FirebaseFirestore;
		};
		7D7C0FA32B06F15D00E2917A /* FirebaseFirestoreCombine-Community */ = {
			isa = XCSwiftPackageProductDependency;
			package = 7D7C0F7B2B06EF3A00E2917A /* XCRemoteSwiftPackageReference "firebase-ios-sdk" */;
			productName = "FirebaseFirestoreCombine-Community";
		};
		7D7C0FA52B06F15D00E2917A /* FirebaseFirestoreSwift */ = {
			isa = XCSwiftPackageProductDependency;
			package = 7D7C0F7B2B06EF3A00E2917A /* XCRemoteSwiftPackageReference "firebase-ios-sdk" */;
			productName = FirebaseFirestoreSwift;
		};
		7D7C0FA72B06F15D00E2917A /* FirebaseFunctions */ = {
			isa = XCSwiftPackageProductDependency;
			package = 7D7C0F7B2B06EF3A00E2917A /* XCRemoteSwiftPackageReference "firebase-ios-sdk" */;
			productName = FirebaseFunctions;
		};
		7D7C0FA92B06F15D00E2917A /* FirebaseFunctionsCombine-Community */ = {
			isa = XCSwiftPackageProductDependency;
			package = 7D7C0F7B2B06EF3A00E2917A /* XCRemoteSwiftPackageReference "firebase-ios-sdk" */;
			productName = "FirebaseFunctionsCombine-Community";
		};
		7D7C0FAB2B06F15D00E2917A /* FirebaseInAppMessaging-Beta */ = {
			isa = XCSwiftPackageProductDependency;
			package = 7D7C0F7B2B06EF3A00E2917A /* XCRemoteSwiftPackageReference "firebase-ios-sdk" */;
			productName = "FirebaseInAppMessaging-Beta";
		};
		7D7C0FAD2B06F15D00E2917A /* FirebaseInAppMessagingSwift-Beta */ = {
			isa = XCSwiftPackageProductDependency;
			package = 7D7C0F7B2B06EF3A00E2917A /* XCRemoteSwiftPackageReference "firebase-ios-sdk" */;
			productName = "FirebaseInAppMessagingSwift-Beta";
		};
		7D7C0FAF2B06F15D00E2917A /* FirebaseInstallations */ = {
			isa = XCSwiftPackageProductDependency;
			package = 7D7C0F7B2B06EF3A00E2917A /* XCRemoteSwiftPackageReference "firebase-ios-sdk" */;
			productName = FirebaseInstallations;
		};
		7D7C0FB12B06F15D00E2917A /* FirebaseMLModelDownloader */ = {
			isa = XCSwiftPackageProductDependency;
			package = 7D7C0F7B2B06EF3A00E2917A /* XCRemoteSwiftPackageReference "firebase-ios-sdk" */;
			productName = FirebaseMLModelDownloader;
		};
		7D7C0FB32B06F15D00E2917A /* FirebaseMessaging */ = {
			isa = XCSwiftPackageProductDependency;
			package = 7D7C0F7B2B06EF3A00E2917A /* XCRemoteSwiftPackageReference "firebase-ios-sdk" */;
			productName = FirebaseMessaging;
		};
		7D7C0FB52B06F15D00E2917A /* FirebasePerformance */ = {
			isa = XCSwiftPackageProductDependency;
			package = 7D7C0F7B2B06EF3A00E2917A /* XCRemoteSwiftPackageReference "firebase-ios-sdk" */;
			productName = FirebasePerformance;
		};
		7D7C0FB72B06F15D00E2917A /* FirebaseRemoteConfig */ = {
			isa = XCSwiftPackageProductDependency;
			package = 7D7C0F7B2B06EF3A00E2917A /* XCRemoteSwiftPackageReference "firebase-ios-sdk" */;
			productName = FirebaseRemoteConfig;
		};
		7D7C0FB92B06F15D00E2917A /* FirebaseRemoteConfigSwift */ = {
			isa = XCSwiftPackageProductDependency;
			package = 7D7C0F7B2B06EF3A00E2917A /* XCRemoteSwiftPackageReference "firebase-ios-sdk" */;
			productName = FirebaseRemoteConfigSwift;
		};
		7D7C0FBB2B06F15D00E2917A /* FirebaseStorage */ = {
			isa = XCSwiftPackageProductDependency;
			package = 7D7C0F7B2B06EF3A00E2917A /* XCRemoteSwiftPackageReference "firebase-ios-sdk" */;
			productName = FirebaseStorage;
		};
		7D7C0FBD2B06F15D00E2917A /* FirebaseStorageCombine-Community */ = {
			isa = XCSwiftPackageProductDependency;
			package = 7D7C0F7B2B06EF3A00E2917A /* XCRemoteSwiftPackageReference "firebase-ios-sdk" */;
			productName = "FirebaseStorageCombine-Community";
		};
/* End XCSwiftPackageProductDependency section */
	};
	rootObject = 7D7C0F542B06EAD400E2917A /* Project object */;
}
